
Microsoft Visual Studio Solution File, Format Version 12.00
# Visual Studio Version 16
VisualStudioVersion = 16.0.32126.315
MinimumVisualStudioVersion = 10.0.40219.1
Project("{FAE04EC0-301F-11D3-BF4B-00C04F79EFBC}") = "WF_AutoClicker", "WF_AutoClicker\WF_AutoClicker.csproj", "{38B6247B-E1A2-438F-86DB-5B59511ADA6D}"
EndProject
Global
	GlobalSection(SolutionConfigurationPlatforms) = preSolution
		Debug|Any CPU = Debug|Any CPU
		Release|Any CPU = Release|Any CPU
	EndGlobalSection
	GlobalSection(ProjectConfigurationPlatforms) = postSolution
		{38B6247B-E1A2-438F-86DB-5B59511ADA6D}.Debug|Any CPU.ActiveCfg = Debug|Any CPU
		{38B6247B-E1A2-438F-86DB-5B59511ADA6D}.Debug|Any CPU.Build.0 = Debug|Any CPU
		{38B6247B-E1A2-438F-86DB-5B59511ADA6D}.Release|Any CPU.ActiveCfg = Release|Any CPU
		{38B6247B-E1A2-438F-86DB-5B59511ADA6D}.Release|Any CPU.Build.0 = Release|Any CPU
	EndGlobalSection
	GlobalSection(SolutionProperties) = preSolution
		HideSolutionNode = FALSE
	EndGlobalSection
	GlobalSection(ExtensibilityGlobals) = postSolution
		SolutionGuid = {DF859C04-4CA8-468D-A200-A810FA79696C}
	EndGlobalSection
EndGlobal
